lockfileVersion: '9.0'

settings:
  autoInstallPeers: true
  excludeLinksFromLockfile: false

importers:

  .:
    devDependencies:
      '@dwidge/utils-js':
        specifier: ^0.0.26
        version: 0.0.26(map-keys-deep@0.0.2(lodash@4.18.1))(p-limit@7.3.0)
      '@types/react':
        specifier: ~19.1.10
        version: 19.1.17
      ncp:
        specifier: ^2.0.0
        version: 2.0.0
      react:
        specifier: 19.1.0
        version: 19.1.0
      rimraf:
        specifier: ^6.0.1
        version: 6.1.3
      typescript:
        specifier: ^5.8.3
        version: 5.9.3

packages:

  '@dwidge/utils-js@0.0.26':
    resolution: {integrity: sha512-LfNv8TfPrBwuWrMoNoWAU+lEkfxzOeGLQ0/6eE63rzKN5LZLpTzbanaB0XZ18o8tSH/Q7Rn9rHhmb3KmatUBow==}
    engines: {node: '>=20'}
    peerDependencies:
      map-keys-deep: ^0.0.2
      p-limit: ^7.1.1

  '@types/react@19.1.17':
    resolution: {integrity: sha512-Qec1E3mhALmaspIrhWt9jkQMNdw6bReVu64mjvhbhq2NFPftLPVr+l1SZgmw/66WwBNpDh7ao5AT6gF5v41PFA==}

  balanced-match@4.0.4:
    resolution: {integrity: sha512-BLrgEcRTwX2o6gGxGOCNyMvGSp35YofuYzw9h1IMTRmKqttAZZVU67bdb9Pr2vUHA8+j3i2tJfjO6C6+4myGTA==}
    engines: {node: 18 || 20 || >=22}

  brace-expansion@5.0.6:
    resolution: {integrity: sha512-kLpxurY4Z4r9sgMsyG0Z9uzsBlgiU/EFKhj/h91/8yHu0edo7XuixOIH3VcJ8kkxs6/jPzoI6U9Vj3WqbMQ94g==}
    engines: {node: 18 || 20 || >=22}

  csstype@3.2.3:
    resolution: {integrity: sha512-z1HGKcYy2xA8AGQfwrn0PAy+PB7X/GSj3UVJW9qKyn43xWa+gl5nXmU4qqLMRzWVLFC8KusUX8T/0kCiOYpAIQ==}

  glob@13.0.6:
    resolution: {integrity: sha512-Wjlyrolmm8uDpm/ogGyXZXb1Z+Ca2B8NbJwqBVg0axK9GbBeoS7yGV6vjXnYdGm6X53iehEuxxbyiKp8QmN4Vw==}
    engines: {node: 18 || 20 || >=22}

  lodash@4.18.1:
    resolution: {integrity: sha512-dMInicTPVE8d1e5otfwmmjlxkZoUpiVLwyeTdUsi/Caj/gfzzblBcCE5sRHV/AsjuCmxWrte2TNGSYuCeCq+0Q==}

  lru-cache@11.5.1:
    resolution: {integrity: sha512-RPimw/7aMdv2oqRrxKwvZXcPfwBrn/JZ2xYcY9Hus/6LaS3VOAKVWKWgNLCFSiOm1ESXinjsDlidVU7JlnCN2A==}
    engines: {node: 20 || >=22}

  map-keys-deep@0.0.2:
    resolution: {integrity: sha512-2O0AzQOr6GV/X73JwLmL0Qq6O3CC8JjsoNaP+kqsQufHwNAEuhaBFA/dkDmE4aqwBGBkYK5OUWCAaRfMnGkdMg==}
    peerDependencies:
      lodash: 4.x.x

  minimatch@10.2.5:
    resolution: {integrity: sha512-MULkVLfKGYDFYejP07QOurDLLQpcjk7Fw+7jXS2R2czRQzR56yHRveU5NDJEOviH+hETZKSkIk5c+T23GjFUMg==}
    engines: {node: 18 || 20 || >=22}

  minipass@7.1.3:
    resolution: {integrity: sha512-tEBHqDnIoM/1rXME1zgka9g6Q2lcoCkxHLuc7ODJ5BxbP5d4c2Z5cGgtXAku59200Cx7diuHTOYfSBD8n6mm8A==}
    engines: {node: '>=16 || 14 >=14.17'}

  ncp@2.0.0:
    resolution: {integrity: sha512-zIdGUrPRFTUELUvr3Gmc7KZ2Sw/h1PiVM0Af/oHB6zgnV1ikqSfRk+TOufi79aHYCW3NiOXmr1BP5nWbzojLaA==}
    hasBin: true

  p-limit@7.3.0:
    resolution: {integrity: sha512-7cIXg/Z0M5WZRblrsOla88S4wAK+zOQQWeBYfV3qJuJXMr+LnbYjaadrFaS0JILfEDPVqHyKnZ1Z/1d6J9VVUw==}
    engines: {node: '>=20'}

  package-json-from-dist@1.0.1:
    resolution: {integrity: sha512-UEZIS3/by4OC8vL3P2dTXRETpebLI2NiI5vIrjaD/5UtrkFX/tNbwjTSRAGC/+7CAo2pIcBaRgWmcBBHcsaCIw==}

  path-scurry@2.0.2:
    resolution: {integrity: sha512-3O/iVVsJAPsOnpwWIeD+d6z/7PmqApyQePUtCndjatj/9I5LylHvt5qluFaBT3I5h3r1ejfR056c+FCv+NnNXg==}
    engines: {node: 18 || 20 || >=22}

  react@19.1.0:
    resolution: {integrity: sha512-FS+XFBNvn3GTAWq26joslQgWNoFu08F4kl0J4CgdNKADkdSGXQyTCnKteIAJy96Br6YbpEU1LSzV5dYtjMkMDg==}
    engines: {node: '>=0.10.0'}

  rimraf@6.1.3:
    resolution: {integrity: sha512-LKg+Cr2ZF61fkcaK1UdkH2yEBBKnYjTyWzTJT6KNPcSPaiT7HSdhtMXQuN5wkTX0Xu72KQ1l8S42rlmexS2hSA==}
    engines: {node: 20 || >=22}
    hasBin: true

  typescript@5.9.3:
    resolution: {integrity: sha512-jl1vZzPDinLr9eUt3J/t7V6FgNEw9QjvBPdysz9KfQDD41fQrC2Y4vKQdiaUpFT4bXlb1RHhLpp8wtm6M5TgSw==}
    engines: {node: '>=14.17'}
    hasBin: true

  yocto-queue@1.2.2:
    resolution: {integrity: sha512-4LCcse/U2MHZ63HAJVE+v71o7yOdIe4cZ70Wpf8D/IyjDKYQLV5GD46B+hSTjJsvV5PztjvHoU580EftxjDZFQ==}
    engines: {node: '>=12.20'}

snapshots:

  '@dwidge/utils-js@0.0.26(map-keys-deep@0.0.2(lodash@4.18.1))(p-limit@7.3.0)':
    dependencies:
      map-keys-deep: 0.0.2(lodash@4.18.1)
      p-limit: 7.3.0

  '@types/react@19.1.17':
    dependencies:
      csstype: 3.2.3

  balanced-match@4.0.4: {}

  brace-expansion@5.0.6:
    dependencies:
      balanced-match: 4.0.4

  csstype@3.2.3: {}

  glob@13.0.6:
    dependencies:
      minimatch: 10.2.5
      minipass: 7.1.3
      path-scurry: 2.0.2

  lodash@4.18.1: {}

  lru-cache@11.5.1: {}

  map-keys-deep@0.0.2(lodash@4.18.1):
    dependencies:
      lodash: 4.18.1

  minimatch@10.2.5:
    dependencies:
      brace-expansion: 5.0.6

  minipass@7.1.3: {}

  ncp@2.0.0: {}

  p-limit@7.3.0:
    dependencies:
      yocto-queue: 1.2.2

  package-json-from-dist@1.0.1: {}

  path-scurry@2.0.2:
    dependencies:
      lru-cache: 11.5.1
      minipass: 7.1.3

  react@19.1.0: {}

  rimraf@6.1.3:
    dependencies:
      glob: 13.0.6
      package-json-from-dist: 1.0.1

  typescript@5.9.3: {}

  yocto-queue@1.2.2: {}
